// !$*UTF8*$!
{
	archiveVersion = 1;
	classes = {
	};
	objectVersion = 77;
	objects = {

/* Begin PBXContainerItemProxy section */
		BB2509912DE0BA7900A15A7E /* PBXContainerItemProxy */ = {
			isa = PBXContainerItemProxy;
			containerPortal = BB2509782DE0BA7800A15A7E /* Project object */;
			proxyType = 1;
			remoteGlobalIDString = BB25097F2DE0BA7800A15A7E;
			remoteInfo = "p2p-skill-test";
		};
		BB25099B2DE0BA7900A15A7E /* PBXContainerItemProxy */ = {
			isa = PBXContainerItemProxy;
			containerPortal = BB2509782DE0BA7800A15A7E /* Project object */;
			proxyType = 1;
			remoteGlobalIDString = BB25097F2DE0BA7800A15A7E;
			remoteInfo = "p2p-skill-test";
		};
/* End PBXContainerItemProxy section */

/* Begin PBXFileReference section */
		BB2509802DE0BA7800A15A7E /* Skill Test iOS.app */ = {isa = PBXFileReference; explicitFileType = wrapper.application; includeInIndex = 0; path = "Skill Test iOS.app"; sourceTree = BUILT_PRODUCTS_DIR; };
		BB2509902DE0BA7900A15A7E /* p2p-skill-testTests.xctest */ = {isa = PBXFileReference; explicitFileType = wrapper.cfbundle; includeInIndex = 0; path = "p2p-skill-testTests.xctest"; sourceTree = BUILT_PRODUCTS_DIR; };
		BB25099A2DE0BA7900A15A7E /* p2p-skill-testUITests.xctest */ = {isa = PBXFileReference; explicitFileType = wrapper.cfbundle; includeInIndex = 0; path = "p2p-skill-testUITests.xctest"; sourceTree = BUILT_PRODUCTS_DIR; };
/* End PBXFileReference section */

/* Begin PBXFileSystemSynchronizedBuildFileExceptionSet section */
		BBAA9E4C2DE1BA3A00BDA534 /* Exceptions for "p2p-skill-test" folder in "p2p-skill-test" target */ = {
			isa = PBXFileSystemSynchronizedBuildFileExceptionSet;
			membershipExceptions = (
				Info.plist,
			);
			target = BB25097F2DE0BA7800A15A7E /* p2p-skill-test */;
		};
/* End PBXFileSystemSynchronizedBuildFileExceptionSet section */

/* Begin PBXFileSystemSynchronizedRootGroup section */
		BB2509822DE0BA7800A15A7E /* p2p-skill-test */ = {
			isa = PBXFileSystemSynchronizedRootGroup;
			exceptions = (
				BBAA9E4C2DE1BA3A00BDA534 /* Exceptions for "p2p-skill-test" folder in "p2p-skill-test" target */,
			);
			path = "p2p-skill-test";
			sourceTree = "<group>";
		};
		BB2509932DE0BA7900A15A7E /* p2p-skill-testTests */ = {
			isa = PBXFileSystemSynchronizedRootGroup;
			path = "p2p-skill-testTests";
			sourceTree = "<group>";
		};
		BB25099D2DE0BA7900A15A7E /* p2p-skill-testUITests */ = {
			isa = PBXFileSystemSynchronizedRootGroup;
			path = "p2p-skill-testUITests";
			sourceTree = "<group>";
		};
/* End PBXFileSystemSynchronizedRootGroup section */

/* Begin PBXFrameworksBuildPhase section */
		BB25097D2DE0BA7800A15A7E /* Frameworks */ = {
			isa = PBXFrameworksBuildPhase;
			buildActionMask = 2147483647;
			files = (
			);
			runOnlyForDeploymentPostprocessing = 0;
		};
		BB25098D2DE0BA7900A15A7E /* Frameworks */ = {
			isa = PBXFrameworksBuildPhase;
			buildActionMask = 2147483647;
			files = (
			);
			runOnlyForDeploymentPostprocessing = 0;
		};
		BB2509972DE0BA7900A15A7E /* Frameworks */ = {
			isa = PBXFrameworksBuildPhase;
			buildActionMask = 2147483647;
			files = (
			);
			runOnlyForDeploymentPostprocessing = 0;
		};
/* End PBXFrameworksBuildPhase section */

/* Begin PBXGroup section */
		BB2509772DE0BA7800A15A7E = {
			isa = PBXGroup;
			children = (
				BB2509822DE0BA7800A15A7E /* p2p-skill-test */,
				BB2509932DE0BA7900A15A7E /* p2p-skill-testTests */,
				BB25099D2DE0BA7900A15A7E /* p2p-skill-testUITests */,
				BB2509812DE0BA7800A15A7E /* Products */,
			);
			sourceTree = "<group>";
		};
		BB2509812DE0BA7800A15A7E /* Products */ = {
			isa = PBXGroup;
			children = (
				BB2509802DE0BA7800A15A7E /* Skill Test iOS.app */,
				BB2509902DE0BA7900A15A7E /* p2p-skill-testTests.xctest */,
				BB25099A2DE0BA7900A15A7E /* p2p-skill-testUITests.xctest */,
			);
			name = Products;
			sourceTree = "<group>";
		};
/* End PBXGroup section */

/* Begin PBXNativeTarget section */
		BB25097F2DE0BA7800A15A7E /* p2p-skill-test */ = {
			isa = PBXNativeTarget;
			buildConfigurationList = BB2509A42DE0BA7900A15A7E /* Build configuration list for PBXNativeTarget "p2p-skill-test" */;
			buildPhases = (
				BB25097C2DE0BA7800A15A7E /* Sources */,
				BB25097D2DE0BA7800A15A7E /* Frameworks */,
				BB25097E2DE0BA7800A15A7E /* Resources */,
			);
			buildRules = (
			);
			dependencies = (
			);
			fileSystemSynchronizedGroups = (
				BB2509822DE0BA7800A15A7E /* p2p-skill-test */,
			);
			name = "p2p-skill-test";
			packageProductDependencies = (
			);
			productName = "p2p-skill-test";
			productReference = BB2509802DE0BA7800A15A7E /* Skill Test iOS.app */;
			productType = "com.apple.product-type.application";
		};
		BB25098F2DE0BA7900A15A7E /* p2p-skill-testTests */ = {
			isa = PBXNativeTarget;
			buildConfigurationList = BB2509A72DE0BA7900A15A7E /* Build configuration list for PBXNativeTarget "p2p-skill-testTests" */;
			buildPhases = (
				BB25098C2DE0BA7900A15A7E /* Sources */,
				BB25098D2DE0BA7900A15A7E /* Frameworks */,
				BB25098E2DE0BA7900A15A7E /* Resources */,
			);
			buildRules = (
			);
			dependencies = (
				BB2509922DE0BA7900A15A7E /* PBXTargetDependency */,
			);
			fileSystemSynchronizedGroups = (
				BB2509932DE0BA7900A15A7E /* p2p-skill-testTests */,
			);
			name = "p2p-skill-testTests";
			packageProductDependencies = (
			);
			productName = "p2p-skill-testTests";
			productReference = BB2509902DE0BA7900A15A7E /* p2p-skill-testTests.xctest */;
			productType = "com.apple.product-type.bundle.unit-test";
		};
		BB2509992DE0BA7900A15A7E /* p2p-skill-testUITests */ = {
			isa = PBXNativeTarget;
			buildConfigurationList = BB2509AA2DE0BA7900A15A7E /* Build configuration list for PBXNativeTarget "p2p-skill-testUITests" */;
			buildPhases = (
				BB2509962DE0BA7900A15A7E /* Sources */,
				BB2509972DE0BA7900A15A7E /* Frameworks */,
				BB2509982DE0BA7900A15A7E /* Resources */,
			);
			buildRules = (
			);
			dependencies = (
				BB25099C2DE0BA7900A15A7E /* PBXTargetDependency */,
			);
			fileSystemSynchronizedGroups = (
				BB25099D2DE0BA7900A15A7E /* p2p-skill-testUITests */,
			);
			name = "p2p-skill-testUITests";
			packageProductDependencies = (
			);
			productName = "p2p-skill-testUITests";
			productReference = BB25099A2DE0BA7900A15A7E /* p2p-skill-testUITests.xctest */;
			productType = "com.apple.product-type.bundle.ui-testing";
		};
/* End PBXNativeTarget section */

/* Begin PBXProject section */
		BB2509782DE0BA7800A15A7E /* Project object */ = {
			isa = PBXProject;
			attributes = {
				BuildIndependentTargetsInParallel = 1;
				LastSwiftUpdateCheck = 1620;
				LastUpgradeCheck = 1620;
				TargetAttributes = {
					BB25097F2DE0BA7800A15A7E = {
						CreatedOnToolsVersion = 16.2;
					};
					BB25098F2DE0BA7900A15A7E = {
						CreatedOnToolsVersion = 16.2;
						TestTargetID = BB25097F2DE0BA7800A15A7E;
					};
					BB2509992DE0BA7900A15A7E = {
						CreatedOnToolsVersion = 16.2;
						TestTargetID = BB25097F2DE0BA7800A15A7E;
					};
				};
			};
			buildConfigurationList = BB25097B2DE0BA7800A15A7E /* Build configuration list for PBXProject "p2p-skill-test" */;
			developmentRegion = en;
			hasScannedForEncodings = 0;
			knownRegions = (
				en,
				Base,
			);
			mainGroup = BB2509772DE0BA7800A15A7E;
			minimizedProjectReferenceProxies = 1;
			preferredProjectObjectVersion = 77;
			productRefGroup = BB2509812DE0BA7800A15A7E /* Products */;
			projectDirPath = "";
			projectRoot = "";
			targets = (
				BB25097F2DE0BA7800A15A7E /* p2p-skill-test */,
				BB25098F2DE0BA7900A15A7E /* p2p-skill-testTests */,
				BB2509992DE0BA7900A15A7E /* p2p-skill-testUITests */,
			);
		};
/* End PBXProject section */

/* Begin PBXResourcesBuildPhase section */
		BB25097E2DE0BA7800A15A7E /* Resources */ = {
			isa = PBXResourcesBuildPhase;
			buildActionMask = 2147483647;
			files = (
			);
			runOnlyForDeploymentPostprocessing = 0;
		};
		BB25098E2DE0BA7900A15A7E /* Resources */ = {
			isa = PBXResourcesBuildPhase;
			buildActionMask = 2147483647;
			files = (
			);
			runOnlyForDeploymentPostprocessing = 0;
		};
		BB2509982DE0BA7900A15A7E /* Resources */ = {
			isa = PBXResourcesBuildPhase;
			buildActionMask = 2147483647;
			files = (
			);
			runOnlyForDeploymentPostprocessing = 0;
		};
/* End PBXResourcesBuildPhase section */

/* Begin PBXSourcesBuildPhase section */
		BB25097C2DE0BA7800A15A7E /* Sources */ = {
			isa = PBXSourcesBuildPhase;
			buildActionMask = 2147483647;
			files = (
			);
			runOnlyForDeploymentPostprocessing = 0;
		};
		BB25098C2DE0BA7900A15A7E /* Sources */ = {
			isa = PBXSourcesBuildPhase;
			buildActionMask = 2147483647;
			files = (
			);
			runOnlyForDeploymentPostprocessing = 0;
		};
		BB2509962DE0BA7900A15A7E /* Sources */ = {
			isa = PBXSourcesBuildPhase;
			buildActionMask = 2147483647;
			files = (
			);
			runOnlyForDeploymentPostprocessing = 0;
		};
/* End PBXSourcesBuildPhase section */

/* Begin PBXTargetDependency section */
		BB2509922DE0BA7900A15A7E /* PBXTargetDependency */ = {
			isa = PBXTargetDependency;
			target = BB25097F2DE0BA7800A15A7E /* p2p-skill-test */;
			targetProxy = BB2509912DE0BA7900A15A7E /* PBXContainerItemProxy */;
		};
		BB25099C2DE0BA7900A15A7E /* PBXTargetDependency */ = {
			isa = PBXTargetDependency;
			target = BB25097F2DE0BA7800A15A7E /* p2p-skill-test */;
			targetProxy = BB25099B2DE0BA7900A15A7E /* PBXContainerItemProxy */;
		};
/* End PBXTargetDependency section */

/* Begin XCBuildConfiguration section */
		BB2509A22DE0BA7900A15A7E /* Debug */ = {
			isa = XCBuildConfiguration;
			buildSettings = {
				ALWAYS_SEARCH_USER_PATHS = NO;
				ASSETCATALOG_COMPILER_GENERATE_SWIFT_ASSET_SYMBOL_EXTENSIONS = YES;
				CLANG_ANALYZER_NONNULL = YES;
				CLANG_ANALYZER_NUMBER_OBJECT_CONVERSION = YES_AGGRESSIVE;
				CLANG_CXX_LANGUAGE_STANDARD = "gnu++20";
				CLANG_ENABLE_MODULES = YES;
				CLANG_ENABLE_OBJC_ARC = YES;
				CLANG_ENABLE_OBJC_WEAK = YES;
				CLANG_WARN_BLOCK_CAPTURE_AUTORELEASING = YES;
				CLANG_WARN_BOOL_CONVERSION = YES;
				CLANG_WARN_COMMA = YES;
				CLANG_WARN_CONSTANT_CONVERSION = YES;
				CLANG_WARN_DEPRECATED_OBJC_IMPLEMENTATIONS = YES;
				CLANG_WARN_DIRECT_OBJC_ISA_USAGE = YES_ERROR;
				CLANG_WARN_DOCUMENTATION_COMMENTS = YES;
				CLANG_WARN_EMPTY_BODY = YES;
				CLANG_WARN_ENUM_CONVERSION = YES;
				CLANG_WARN_INFINITE_RECURSION = YES;
				CLANG_WARN_INT_CONVERSION = YES;
				CLANG_WARN_NON_LITERAL_NULL_CONVERSION = YES;
				CLANG_WARN_OBJC_IMPLICIT_RETAIN_SELF = YES;
				CLANG_WARN_OBJC_LITERAL_CONVERSION = YES;
				CLANG_WARN_OBJC_ROOT_CLASS = YES_ERROR;
				CLANG_WARN_QUOTED_INCLUDE_IN_FRAMEWORK_HEADER = YES;
				CLANG_WARN_RANGE_LOOP_ANALYSIS = YES;
				CLANG_WARN_STRICT_PROTOTYPES = YES;
				CLANG_WARN_SUSPICIOUS_MOVE = YES;
				CLANG_WARN_UNGUARDED_AVAILABILITY = YES_AGGRESSIVE;
				CLANG_WARN_UNREACHABLE_CODE = YES;
				CLANG_WARN__DUPLICATE_METHOD_MATCH = YES;
				COPY_PHASE_STRIP = NO;
				DEBUG_INFORMATION_FORMAT = dwarf;
				ENABLE_STRICT_OBJC_MSGSEND = YES;
				ENABLE_TESTABILITY = YES;
				ENABLE_USER_SCRIPT_SANDBOXING = YES;
				GCC_C_LANGUAGE_STANDARD = gnu17;
				GCC_DYNAMIC_NO_PIC = NO;
				GCC_NO_COMMON_BLOCKS = YES;
				GCC_OPTIMIZATION_LEVEL = 0;
				GCC_PREPROCESSOR_DEFINITIONS = (
					"DEBUG=1",
					"$(inherited)",
				);
				GCC_WARN_64_TO_32_BIT_CONVERSION = YES;
				GCC_WARN_ABOUT_RETURN_TYPE = YES_ERROR;
				GCC_WARN_UNDECLARED_SELECTOR = YES;
				GCC_WARN_UNINITIALIZED_AUTOS = YES_AGGRESSIVE;
				GCC_WARN_UNUSED_FUNCTION = YES;
				GCC_WARN_UNUSED_VARIABLE = YES;
				IPHONEOS_DEPLOYMENT_TARGET = 18.2;
				LOCALIZATION_PREFERS_STRING_CATALOGS = YES;
				MTL_ENABLE_DEBUG_INFO = INCLUDE_SOURCE;
				MTL_FAST_MATH = YES;
				ONLY_ACTIVE_ARCH = YES;
				SDKROOT = iphoneos;
				SWIFT_ACTIVE_COMPILATION_CONDITIONS = "DEBUG $(inherited)";
				SWIFT_OPTIMIZATION_LEVEL = "-Onone";
			};
			name = Debug;
		};
		BB2509A32DE0BA7900A15A7E /* Release */ = {
			isa = XCBuildConfiguration;
			buildSettings = {
				ALWAYS_SEARCH_USER_PATHS = NO;
				ASSETCATALOG_COMPILER_GENERATE_SWIFT_ASSET_SYMBOL_EXTENSIONS = YES;
				CLANG_ANALYZER_NONNULL = YES;
				CLANG_ANALYZER_NUMBER_OBJECT_CONVERSION = YES_AGGRESSIVE;
				CLANG_CXX_LANGUAGE_STANDARD = "gnu++20";
				CLANG_ENABLE_MODULES = YES;
				CLANG_ENABLE_OBJC_ARC = YES;
				CLANG_ENABLE_OBJC_WEAK = YES;
				CLANG_WARN_BLOCK_CAPTURE_AUTORELEASING = YES;
				CLANG_WARN_BOOL_CONVERSION = YES;
				CLANG_WARN_COMMA = YES;
				CLANG_WARN_CONSTANT_CONVERSION = YES;
				CLANG_WARN_DEPRECATED_OBJC_IMPLEMENTATIONS = YES;
				CLANG_WARN_DIRECT_OBJC_ISA_USAGE = YES_ERROR;
				CLANG_WARN_DOCUMENTATION_COMMENTS = YES;
				CLANG_WARN_EMPTY_BODY = YES;
				CLANG_WARN_ENUM_CONVERSION = YES;
				CLANG_WARN_INFINITE_RECURSION = YES;
				CLANG_WARN_INT_CONVERSION = YES;
				CLANG_WARN_NON_LITERAL_NULL_CONVERSION = YES;
				CLANG_WARN_OBJC_IMPLICIT_RETAIN_SELF = YES;
				CLANG_WARN_OBJC_LITERAL_CONVERSION = YES;
				CLANG_WARN_OBJC_ROOT_CLASS = YES_ERROR;
				CLANG_WARN_QUOTED_INCLUDE_IN_FRAMEWORK_HEADER = YES;
				CLANG_WARN_RANGE_LOOP_ANALYSIS = YES;
				CLANG_WARN_STRICT_PROTOTYPES = YES;
				CLANG_WARN_SUSPICIOUS_MOVE = YES;
				CLANG_WARN_UNGUARDED_AVAILABILITY = YES_AGGRESSIVE;
				CLANG_WARN_UNREACHABLE_CODE = YES;
				CLANG_WARN__DUPLICATE_METHOD_MATCH = YES;
				COPY_PHASE_STRIP = NO;
				DEBUG_INFORMATION_FORMAT = "dwarf-with-dsym";
				ENABLE_NS_ASSERTIONS = NO;
				ENABLE_STRICT_OBJC_MSGSEND = YES;
				ENABLE_USER_SCRIPT_SANDBOXING = YES;
				GCC_C_LANGUAGE_STANDARD = gnu17;
				GCC_NO_COMMON_BLOCKS = YES;
				GCC_WARN_64_TO_32_BIT_CONVERSION = YES;
				GCC_WARN_ABOUT_RETURN_TYPE = YES_ERROR;
				GCC_WARN_UNDECLARED_SELECTOR = YES;
				GCC_WARN_UNINITIALIZED_AUTOS = YES_AGGRESSIVE;
				GCC_WARN_UNUSED_FUNCTION = YES;
				GCC_WARN_UNUSED_VARIABLE = YES;
				IPHONEOS_DEPLOYMENT_TARGET = 18.2;
				LOCALIZATION_PREFERS_STRING_CATALOGS = YES;
				MTL_ENABLE_DEBUG_INFO = NO;
				MTL_FAST_MATH = YES;
				SDKROOT = iphoneos;
				SWIFT_COMPILATION_MODE = wholemodule;
				VALIDATE_PRODUCT = YES;
			};
			name = Release;
		};
		BB2509A52DE0BA7900A15A7E /* Debug */ = {
			isa = XCBuildConfiguration;
			buildSettings = {
				ASSETCATALOG_COMPILER_APPICON_NAME = AppIcon;
				ASSETCATALOG_COMPILER_GLOBAL_ACCENT_COLOR_NAME = AccentColor;
				CODE_SIGN_STYLE = Automatic;
				CURRENT_PROJECT_VERSION = 1;
				DEVELOPMENT_ASSET_PATHS = "\"p2p-skill-test/Preview Content\"";
				DEVELOPMENT_TEAM = 5CB84CWJ6G;
				ENABLE_PREVIEWS = YES;
				GENERATE_INFOPLIST_FILE = YES;
				INFOPLIST_FILE = "p2p-skill-test/Info.plist";
				INFOPLIST_KEY_NSBluetoothAlwaysUsageDescription = "Allow for bluetooth use";
				INFOPLIST_KEY_NSBluetoothPeripheralUsageDescription = "Please allow using bluetooth for discovering peripherals";
				INFOPLIST_KEY_UIApplicationSceneManifest_Generation = YES;
				INFOPLIST_KEY_UIApplicationSupportsIndirectInputEvents = YES;
				INFOPLIST_KEY_UILaunchScreen_Generation = YES;
				INFOPLIST_KEY_UISupportedInterfaceOrientations = UIInterfaceOrientationPortrait;
				INFOPLIST_KEY_UISupportedInterfaceOrientations_iPad = "UIInterfaceOrientationLandscapeLeft UIInterfaceOrientationLandscapeRight UIInterfaceOrientationPortrait UIInterfaceOrientationPortraitUpsideDown";
				LD_RUNPATH_SEARCH_PATHS = (
					"$(inherited)",
					"@executable_path/Frameworks",
				);
				MARKETING_VERSION = 1.0;
				PRODUCT_BUNDLE_IDENTIFIER = "com.madityafr.p2p-skill-test";
				PRODUCT_NAME = "Skill Test iOS";
				SWIFT_EMIT_LOC_STRINGS = YES;
				SWIFT_VERSION = 5.0;
				TARGETED_DEVICE_FAMILY = "1,2";
			};
			name = Debug;
		};
		BB2509A62DE0BA7900A15A7E /* Release */ = {
			isa = XCBuildConfiguration;
			buildSettings = {
				ASSETCATALOG_COMPILER_APPICON_NAME = AppIcon;
				ASSETCATALOG_COMPILER_GLOBAL_ACCENT_COLOR_NAME = AccentColor;
				CODE_SIGN_STYLE = Automatic;
				CURRENT_PROJECT_VERSION = 1;
				DEVELOPMENT_ASSET_PATHS = "\"p2p-skill-test/Preview Content\"";
				DEVELOPMENT_TEAM = 5CB84CWJ6G;
				ENABLE_PREVIEWS = YES;
				GENERATE_INFOPLIST_FILE = YES;
				INFOPLIST_FILE = "p2p-skill-test/Info.plist";
				INFOPLIST_KEY_NSBluetoothAlwaysUsageDescription = "Allow for bluetooth use";
				INFOPLIST_KEY_NSBluetoothPeripheralUsageDescription = "Please allow using bluetooth for discovering peripherals";
				INFOPLIST_KEY_UIApplicationSceneManifest_Generation = YES;
				INFOPLIST_KEY_UIApplicationSupportsIndirectInputEvents = YES;
				INFOPLIST_KEY_UILaunchScreen_Generation = YES;
				INFOPLIST_KEY_UISupportedInterfaceOrientations = UIInterfaceOrientationPortrait;
				INFOPLIST_KEY_UISupportedInterfaceOrientations_iPad = "UIInterfaceOrientationLandscapeLeft UIInterfaceOrientationLandscapeRight UIInterfaceOrientationPortrait UIInterfaceOrientationPortraitUpsideDown";
				LD_RUNPATH_SEARCH_PATHS = (
					"$(inherited)",
					"@executable_path/Frameworks",
				);
				MARKETING_VERSION = 1.0;
				PRODUCT_BUNDLE_IDENTIFIER = "com.madityafr.p2p-skill-test";
				PRODUCT_NAME = "Skill Test iOS";
				SWIFT_EMIT_LOC_STRINGS = YES;
				SWIFT_VERSION = 5.0;
				TARGETED_DEVICE_FAMILY = "1,2";
			};
			name = Release;
		};
		BB2509A82DE0BA7900A15A7E /* Debug */ = {
			isa = XCBuildConfiguration;
			buildSettings = {
				BUNDLE_LOADER = "$(TEST_HOST)";
				CODE_SIGN_STYLE = Automatic;
				CURRENT_PROJECT_VERSION = 1;
				DEVELOPMENT_TEAM = 5CB84CWJ6G;
				GENERATE_INFOPLIST_FILE = YES;
				IPHONEOS_DEPLOYMENT_TARGET = 18.2;
				MARKETING_VERSION = 1.0;
				PRODUCT_BUNDLE_IDENTIFIER = "com.madityafr.p2p-skill-testTests";
				PRODUCT_NAME = "$(TARGET_NAME)";
				SWIFT_EMIT_LOC_STRINGS = NO;
				SWIFT_VERSION = 5.0;
				TARGETED_DEVICE_FAMILY = "1,2";
				TEST_HOST = "$(BUILT_PRODUCTS_DIR)/p2p-skill-test.app/$(BUNDLE_EXECUTABLE_FOLDER_PATH)/p2p-skill-test";
			};
			name = Debug;
		};
		BB2509A92DE0BA7900A15A7E /* Release */ = {
			isa = XCBuildConfiguration;
			buildSettings = {
				BUNDLE_LOADER = "$(TEST_HOST)";
				CODE_SIGN_STYLE = Automatic;
				CURRENT_PROJECT_VERSION = 1;
				DEVELOPMENT_TEAM = 5CB84CWJ6G;
				GENERATE_INFOPLIST_FILE = YES;
				IPHONEOS_DEPLOYMENT_TARGET = 18.2;
				MARKETING_VERSION = 1.0;
				PRODUCT_BUNDLE_IDENTIFIER = "com.madityafr.p2p-skill-testTests";
				PRODUCT_NAME = "$(TARGET_NAME)";
				SWIFT_EMIT_LOC_STRINGS = NO;
				SWIFT_VERSION = 5.0;
				TARGETED_DEVICE_FAMILY = "1,2";
				TEST_HOST = "$(BUILT_PRODUCTS_DIR)/p2p-skill-test.app/$(BUNDLE_EXECUTABLE_FOLDER_PATH)/p2p-skill-test";
			};
			name = Release;
		};
		BB2509AB2DE0BA7900A15A7E /* Debug */ = {
			isa = XCBuildConfiguration;
			buildSettings = {
				CODE_SIGN_STYLE = Automatic;
				CURRENT_PROJECT_VERSION = 1;
				DEVELOPMENT_TEAM = 5CB84CWJ6G;
				GENERATE_INFOPLIST_FILE = YES;
				MARKETING_VERSION = 1.0;
				PRODUCT_BUNDLE_IDENTIFIER = "com.madityafr.p2p-skill-testUITests";
				PRODUCT_NAME = "$(TARGET_NAME)";
				SWIFT_EMIT_LOC_STRINGS = NO;
				SWIFT_VERSION = 5.0;
				TARGETED_DEVICE_FAMILY = "1,2";
				TEST_TARGET_NAME = "p2p-skill-test";
			};
			name = Debug;
		};
		BB2509AC2DE0BA7900A15A7E /* Release */ = {
			isa = XCBuildConfiguration;
			buildSettings = {
				CODE_SIGN_STYLE = Automatic;
				CURRENT_PROJECT_VERSION = 1;
				DEVELOPMENT_TEAM = 5CB84CWJ6G;
				GENERATE_INFOPLIST_FILE = YES;
				MARKETING_VERSION = 1.0;
				PRODUCT_BUNDLE_IDENTIFIER = "com.madityafr.p2p-skill-testUITests";
				PRODUCT_NAME = "$(TARGET_NAME)";
				SWIFT_EMIT_LOC_STRINGS = NO;
				SWIFT_VERSION = 5.0;
				TARGETED_DEVICE_FAMILY = "1,2";
				TEST_TARGET_NAME = "p2p-skill-test";
			};
			name = Release;
		};
/* End XCBuildConfiguration section */

/* Begin XCConfigurationList section */
		BB25097B2DE0BA7800A15A7E /* Build configuration list for PBXProject "p2p-skill-test" */ = {
			isa = XCConfigurationList;
			buildConfigurations = (
				BB2509A22DE0BA7900A15A7E /* Debug */,
				BB2509A32DE0BA7900A15A7E /* Release */,
			);
			defaultConfigurationIsVisible = 0;
			defaultConfigurationName = Release;
		};
		BB2509A42DE0BA7900A15A7E /* Build configuration list for PBXNativeTarget "p2p-skill-test" */ = {
			isa = XCConfigurationList;
			buildConfigurations = (
				BB2509A52DE0BA7900A15A7E /* Debug */,
				BB2509A62DE0BA7900A15A7E /* Release */,
			);
			defaultConfigurationIsVisible = 0;
			defaultConfigurationName = Release;
		};
		BB2509A72DE0BA7900A15A7E /* Build configuration list for PBXNativeTarget "p2p-skill-testTests" */ = {
			isa = XCConfigurationList;
			buildConfigurations = (
				BB2509A82DE0BA7900A15A7E /* Debug */,
				BB2509A92DE0BA7900A15A7E /* Release */,
			);
			defaultConfigurationIsVisible = 0;
			defaultConfigurationName = Release;
		};
		BB2509AA2DE0BA7900A15A7E /* Build configuration list for PBXNativeTarget "p2p-skill-testUITests" */ = {
			isa = XCConfigurationList;
			buildConfigurations = (
				BB2509AB2DE0BA7900A15A7E /* Debug */,
				BB2509AC2DE0BA7900A15A7E /* Release */,
			);
			defaultConfigurationIsVisible = 0;
			defaultConfigurationName = Release;
		};
/* End XCConfigurationList section */
	};
	rootObject = BB2509782DE0BA7800A15A7E /* Project object */;
}
